
Microsoft Visual Studio Solution File, Format Version 12.00
# Visual Studio Version 16
VisualStudioVersion = 16.0.30309.148
MinimumVisualStudioVersion = 10.0.40219.1
Project("{FAE04EC0-301F-11D3-BF4B-00C04F79EFBC}") = "changefeed", "changefeed\changefeed.csproj", "{069C1F7B-B7B3-4C60-A81D-C9C2398F11F5}"
EndProject
Global
	GlobalSection(SolutionConfigurationPlatforms) = preSolution
		Debug|Any CPU = Debug|Any CPU
		Release|Any CPU = Release|Any CPU
	EndGlobalSection
	GlobalSection(ProjectConfigurationPlatforms) = postSolution
		{069C1F7B-B7B3-4C60-A81D-C9C2398F11F5}.Debug|Any CPU.ActiveCfg = Debug|Any CPU
		{069C1F7B-B7B3-4C60-A81D-C9C2398F11F5}.Debug|Any CPU.Build.0 = Debug|Any CPU
		{069C1F7B-B7B3-4C60-A81D-C9C2398F11F5}.Release|Any CPU.ActiveCfg = Release|Any CPU
		{069C1F7B-B7B3-4C60-A81D-C9C2398F11F5}.Release|Any CPU.Build.0 = Release|Any CPU
	EndGlobalSection
	GlobalSection(SolutionProperties) = preSolution
		HideSolutionNode = FALSE
	EndGlobalSection
	GlobalSection(ExtensibilityGlobals) = postSolution
		SolutionGuid = {3DE476FC-2129-4390-9347-84105776D43D}
	EndGlobalSection
EndGlobal
