
Microsoft Visual Studio Solution File, Format Version 12.00
# Visual Studio Version 16
VisualStudioVersion = 16.0.30309.148
MinimumVisualStudioVersion = 10.0.40219.1
Project("{FAE04EC0-301F-11D3-BF4B-00C04F79EFBC}") = "DeviceSimulatorConsole", "DeviceSimulatorConsole\DeviceSimulatorConsole.csproj", "{A8399FC9-1A5B-4553-968F-BBD951953469}"
EndProject
Global
	GlobalSection(SolutionConfigurationPlatforms) = preSolution
		Debug|Any CPU = Debug|Any CPU
		Release|Any CPU = Release|Any CPU
	EndGlobalSection
	GlobalSection(ProjectConfigurationPlatforms) = postSolution
		{A8399FC9-1A5B-4553-968F-BBD951953469}.Debug|Any CPU.ActiveCfg = Debug|Any CPU
		{A8399FC9-1A5B-4553-968F-BBD951953469}.Debug|Any CPU.Build.0 = Debug|Any CPU
		{A8399FC9-1A5B-4553-968F-BBD951953469}.Release|Any CPU.ActiveCfg = Release|Any CPU
		{A8399FC9-1A5B-4553-968F-BBD951953469}.Release|Any CPU.Build.0 = Release|Any CPU
	EndGlobalSection
	GlobalSection(SolutionProperties) = preSolution
		HideSolutionNode = FALSE
	EndGlobalSection
	GlobalSection(ExtensibilityGlobals) = postSolution
		SolutionGuid = {B13A888F-65BD-4B54-BDDC-580BCE8BD654}
	EndGlobalSection
EndGlobal
